
Microsoft Visual Studio Solution File, Format Version 12.00
# Visual Studio Version 17
VisualStudioVersion = 17.4.33205.214
MinimumVisualStudioVersion = 10.0.40219.1
Project("{FAE04EC0-301F-11D3-BF4B-00C04F79EFBC}") = "Practical4", "Practical4\Practical4.csproj", "{2AC5CBE7-B62C-4411-9510-59DAAB915E3D}"
EndProject
Project("{2150E333-8FDC-42A3-9474-1A3956D46DE8}") = "Solution Items", "Solution Items", "{BFB36C8E-69FA-4622-9CFA-2377B817EA82}"
	ProjectSection(SolutionItems) = preProject
		.editorconfig = .editorconfig
	EndProjectSection
EndProject
Global
	GlobalSection(SolutionConfigurationPlatforms) = preSolution
		Debug|Any CPU = Debug|Any CPU
		Release|Any CPU = Release|Any CPU
	EndGlobalSection
	GlobalSection(ProjectConfigurationPlatforms) = postSolution
		{2AC5CBE7-B62C-4411-9510-59DAAB915E3D}.Debug|Any CPU.ActiveCfg = Debug|Any CPU
		{2AC5CBE7-B62C-4411-9510-59DAAB915E3D}.Debug|Any CPU.Build.0 = Debug|Any CPU
		{2AC5CBE7-B62C-4411-9510-59DAAB915E3D}.Release|Any CPU.ActiveCfg = Release|Any CPU
		{2AC5CBE7-B62C-4411-9510-59DAAB915E3D}.Release|Any CPU.Build.0 = Release|Any CPU
	EndGlobalSection
	GlobalSection(SolutionProperties) = preSolution
		HideSolutionNode = FALSE
	EndGlobalSection
	GlobalSection(ExtensibilityGlobals) = postSolution
		SolutionGuid = {AB02F376-0D7F-47F4-B8AD-A97D4CCAF11C}
	EndGlobalSection
EndGlobal
